
Microsoft Visual Studio Solution File, Format Version 12.00
# Visual Studio 15
Project("{FAE04EC0-301F-11D3-BF4B-00C04F79EFBC}") = "Assembly-CSharp", "Assembly-CSharp.csproj", "{DCE2F091-AB35-2CE4-4DA0-89ED9639CBEF}"
EndProject
Project("{FAE04EC0-301F-11D3-BF4B-00C04F79EFBC}") = "Assembly-CSharp-firstpass", "Assembly-CSharp-firstpass.csproj", "{3D8D751A-02AF-F8EB-AF6F-82DFA0FE5D3A}"
EndProject
Project("{FAE04EC0-301F-11D3-BF4B-00C04F79EFBC}") = "Assembly-CSharp-Editor-firstpass", "Assembly-CSharp-Editor-firstpass.csproj", "{152F30C2-E9AB-48D7-AEC1-DCCDD6754C4F}"
EndProject
Global
	GlobalSection(SolutionConfigurationPlatforms) = preSolution
		Debug|Any CPU = Debug|Any CPU
		Release|Any CPU = Release|Any CPU
	EndGlobalSection
	GlobalSection(ProjectConfigurationPlatforms) = postSolution
		{DCE2F091-AB35-2CE4-4DA0-89ED9639CBEF}.Debug|Any CPU.ActiveCfg = Debug|Any CPU
		{DCE2F091-AB35-2CE4-4DA0-89ED9639CBEF}.Debug|Any CPU.Build.0 = Debug|Any CPU
		{DCE2F091-AB35-2CE4-4DA0-89ED9639CBEF}.Release|Any CPU.ActiveCfg = Release|Any CPU
		{DCE2F091-AB35-2CE4-4DA0-89ED9639CBEF}.Release|Any CPU.Build.0 = Release|Any CPU
		{3D8D751A-02AF-F8EB-AF6F-82DFA0FE5D3A}.Debug|Any CPU.ActiveCfg = Debug|Any CPU
		{3D8D751A-02AF-F8EB-AF6F-82DFA0FE5D3A}.Debug|Any CPU.Build.0 = Debug|Any CPU
		{3D8D751A-02AF-F8EB-AF6F-82DFA0FE5D3A}.Release|Any CPU.ActiveCfg = Release|Any CPU
		{3D8D751A-02AF-F8EB-AF6F-82DFA0FE5D3A}.Release|Any CPU.Build.0 = Release|Any CPU
		{152F30C2-E9AB-48D7-AEC1-DCCDD6754C4F}.Debug|Any CPU.ActiveCfg = Debug|Any CPU
		{152F30C2-E9AB-48D7-AEC1-DCCDD6754C4F}.Debug|Any CPU.Build.0 = Debug|Any CPU
		{152F30C2-E9AB-48D7-AEC1-DCCDD6754C4F}.Release|Any CPU.ActiveCfg = Release|Any CPU
		{152F30C2-E9AB-48D7-AEC1-DCCDD6754C4F}.Release|Any CPU.Build.0 = Release|Any CPU
	EndGlobalSection
	GlobalSection(SolutionProperties) = preSolution
		HideSolutionNode = FALSE
	EndGlobalSection
EndGlobal
