
Microsoft Visual Studio Solution File, Format Version 12.00
# Visual Studio 16
Project("{FAE04EC0-301F-11D3-BF4B-00C04F79EFBC}") = "Assembly-CSharp", "Assembly-CSharp.csproj", "{A50137E3-5C8E-1FDD-2B45-ABA8932AAC3A}"
EndProject
Global
	GlobalSection(SolutionConfigurationPlatforms) = preSolution
		Debug|Any CPU = Debug|Any CPU
		Release|Any CPU = Release|Any CPU
	EndGlobalSection
	GlobalSection(ProjectConfigurationPlatforms) = postSolution
		{A50137E3-5C8E-1FDD-2B45-ABA8932AAC3A}.Debug|Any CPU.ActiveCfg = Debug|Any CPU
		{A50137E3-5C8E-1FDD-2B45-ABA8932AAC3A}.Debug|Any CPU.Build.0 = Debug|Any CPU
		{A50137E3-5C8E-1FDD-2B45-ABA8932AAC3A}.Release|Any CPU.ActiveCfg = Release|Any CPU
		{A50137E3-5C8E-1FDD-2B45-ABA8932AAC3A}.Release|Any CPU.Build.0 = Release|Any CPU
	EndGlobalSection
	GlobalSection(SolutionProperties) = preSolution
		HideSolutionNode = FALSE
	EndGlobalSection
EndGlobal
